{
  "nodes": {
    "darwin": {
      "inputs": {
        "nixpkgs": [
          "nixpkgs"
        ]
      },
      "locked": {
        "lastModified": 1671196037,
        "narHash": "sha256-2+J98SeczFWonbqFLMEAQC7vZEe6I2gM17XYvEmG52I=",
        "owner": "LnL7",
        "repo": "nix-darwin",
        "rev": "adb8ac0453c8b2c40f5bffb578453dbaee838952",
        "type": "github"
      },
      "original": {
        "owner": "LnL7",
        "repo": "nix-darwin",
        "type": "github"
      }
    },
    "flake-utils": {
      "locked": {
        "lastModified": 1667395993,
        "narHash": "sha256-nuEHfE/LcWyuSWnS8t12N1wc105Qtau+/OdUAjtQ0rA=",
        "owner": "numtide",
        "repo": "flake-utils",
        "rev": "5aed5285a952e0b949eb3ba02c12fa4fcfef535f",
        "type": "github"
      },
      "original": {
        "owner": "numtide",
        "repo": "flake-utils",
        "type": "github"
      }
    },
    "home-manager": {
      "inputs": {
        "nixpkgs": [
          "nixpkgs"
        ],
        "utils": "utils"
      },
      "locked": {
        "lastModified": 1671578428,
        "narHash": "sha256-YmbpBcPaGz9KE2bC4xPvSdgCSMk0BmS/L3ePvy9TR/M=",
        "owner": "nix-community",
        "repo": "home-manager",
        "rev": "0f8bf4f92efa3c6168705b49a6788abb3612033a",
        "type": "github"
      },
      "original": {
        "owner": "nix-community",
        "repo": "home-manager",
        "type": "github"
      }
    },
    "nixos-hardware": {
      "locked": {
        "lastModified": 1671467847,
        "narHash": "sha256-eIeZIQbbW0QYDW0nhDaieokw6VakPO3TyJ3RmxqGHOs=",
        "owner": "NixOS",
        "repo": "nixos-hardware",
        "rev": "25010a042c23695ae457a97aad60e9b1d49f2ecc",
        "type": "github"
      },
      "original": {
        "owner": "NixOS",
        "repo": "nixos-hardware",
        "type": "github"
      }
    },
    "nixpkgs": {
      "locked": {
        "lastModified": 1671313200,
        "narHash": "sha256-itZTrtHeDJjV696+ur0/TzkTqb5y3Eb57WRLRPK3rwA=",
        "owner": "NixOS",
        "repo": "nixpkgs",
        "rev": "0938d73bb143f4ae037143572f11f4338c7b2d1c",
        "type": "github"
      },
      "original": {
        "owner": "NixOS",
        "ref": "nixos-22.11",
        "repo": "nixpkgs",
        "type": "github"
      }
    },
    "omni-alacritty": {
      "flake": false,
      "locked": {
        "lastModified": 1620916939,
        "narHash": "sha256-rAXd2LcDoY2+a3rK7Wj/vxgdXW+qrEu41cD0zLAg9Rs=",
        "owner": "getomni",
        "repo": "alacritty",
        "rev": "67db4048dc2bb197c73d9c5b2bfd57912f4125f8",
        "type": "github"
      },
      "original": {
        "owner": "getomni",
        "repo": "alacritty",
        "type": "github"
      }
    },
    "omni-kitty": {
      "flake": false,
      "locked": {
        "lastModified": 1670621119,
        "narHash": "sha256-OdVHqCqj15X6YjgYFK7OIB+ed9w/F2E+5w5pyXvvfiY=",
        "owner": "dacioromero",
        "repo": "kitty",
        "rev": "ebb29e2b14cc030cd46ae23909ab04d3a66b3649",
        "type": "github"
      },
      "original": {
        "owner": "dacioromero",
        "repo": "kitty",
        "type": "github"
      }
    },
    "root": {
      "inputs": {
        "darwin": "darwin",
        "flake-utils": "flake-utils",
        "home-manager": "home-manager",
        "nixos-hardware": "nixos-hardware",
        "nixpkgs": "nixpkgs",
        "omni-alacritty": "omni-alacritty",
        "omni-kitty": "omni-kitty"
      }
    },
    "utils": {
      "locked": {
        "lastModified": 1667395993,
        "narHash": "sha256-nuEHfE/LcWyuSWnS8t12N1wc105Qtau+/OdUAjtQ0rA=",
        "owner": "numtide",
        "repo": "flake-utils",
        "rev": "5aed5285a952e0b949eb3ba02c12fa4fcfef535f",
        "type": "github"
      },
      "original": {
        "owner": "numtide",
        "repo": "flake-utils",
        "type": "github"
      }
    }
  },
  "root": "root",
  "version": 7
}
