{
  "nodes": {
    "darwin": {
      "inputs": {
        "nixpkgs": [
          "nixpkgs"
        ]
      },
      "locked": {
        "lastModified": 1673295039,
        "narHash": "sha256-AsdYgE8/GPwcelGgrntlijMg4t3hLFJFCRF3tL5WVjA=",
        "owner": "LnL7",
        "repo": "nix-darwin",
        "rev": "87b9d090ad39b25b2400029c64825fc2a8868943",
        "type": "github"
      },
      "original": {
        "owner": "LnL7",
        "repo": "nix-darwin",
        "type": "github"
      }
    },
    "flake-utils": {
      "locked": {
        "lastModified": 1667395993,
        "narHash": "sha256-nuEHfE/LcWyuSWnS8t12N1wc105Qtau+/OdUAjtQ0rA=",
        "owner": "numtide",
        "repo": "flake-utils",
        "rev": "5aed5285a952e0b949eb3ba02c12fa4fcfef535f",
        "type": "github"
      },
      "original": {
        "owner": "numtide",
        "repo": "flake-utils",
        "type": "github"
      }
    },
    "home-manager": {
      "inputs": {
        "nixpkgs": [
          "nixpkgs"
        ],
        "utils": "utils"
      },
      "locked": {
        "lastModified": 1674511629,
        "narHash": "sha256-e2sc2Pv6z3aLuqXrunGvoKAfOABbWV31txgboIro+GE=",
        "owner": "nix-community",
        "repo": "home-manager",
        "rev": "12d43fd40a7658976c18eaa05bba62b6045e5b3e",
        "type": "github"
      },
      "original": {
        "owner": "nix-community",
        "repo": "home-manager",
        "type": "github"
      }
    },
    "nixos-hardware": {
      "locked": {
        "lastModified": 1674498916,
        "narHash": "sha256-rKacwgM76ymSu496esvcNPMCV4QX4n+7RvVSBB0zwCg=",
        "owner": "NixOS",
        "repo": "nixos-hardware",
        "rev": "4cff4f40b9db3baddff811ca00bf1aac2c4879cb",
        "type": "github"
      },
      "original": {
        "owner": "NixOS",
        "repo": "nixos-hardware",
        "type": "github"
      }
    },
    "nixpkgs": {
      "locked": {
        "lastModified": 1674211260,
        "narHash": "sha256-xU6Rv9sgnwaWK7tgCPadV6HhI2Y/fl4lKxJoG2+m9qs=",
        "owner": "NixOS",
        "repo": "nixpkgs",
        "rev": "5ed481943351e9fd354aeb557679624224de38d5",
        "type": "github"
      },
      "original": {
        "owner": "NixOS",
        "ref": "nixos-unstable",
        "repo": "nixpkgs",
        "type": "github"
      }
    },
    "omni-alacritty": {
      "flake": false,
      "locked": {
        "lastModified": 1620916939,
        "narHash": "sha256-rAXd2LcDoY2+a3rK7Wj/vxgdXW+qrEu41cD0zLAg9Rs=",
        "owner": "getomni",
        "repo": "alacritty",
        "rev": "67db4048dc2bb197c73d9c5b2bfd57912f4125f8",
        "type": "github"
      },
      "original": {
        "owner": "getomni",
        "repo": "alacritty",
        "type": "github"
      }
    },
    "omni-kitty": {
      "flake": false,
      "locked": {
        "lastModified": 1670621119,
        "narHash": "sha256-OdVHqCqj15X6YjgYFK7OIB+ed9w/F2E+5w5pyXvvfiY=",
        "owner": "dacioromero",
        "repo": "kitty",
        "rev": "ebb29e2b14cc030cd46ae23909ab04d3a66b3649",
        "type": "github"
      },
      "original": {
        "owner": "dacioromero",
        "repo": "kitty",
        "type": "github"
      }
    },
    "root": {
      "inputs": {
        "darwin": "darwin",
        "flake-utils": "flake-utils",
        "home-manager": "home-manager",
        "nixos-hardware": "nixos-hardware",
        "nixpkgs": "nixpkgs",
        "omni-alacritty": "omni-alacritty",
        "omni-kitty": "omni-kitty"
      }
    },
    "utils": {
      "locked": {
        "lastModified": 1667395993,
        "narHash": "sha256-nuEHfE/LcWyuSWnS8t12N1wc105Qtau+/OdUAjtQ0rA=",
        "owner": "numtide",
        "repo": "flake-utils",
        "rev": "5aed5285a952e0b949eb3ba02c12fa4fcfef535f",
        "type": "github"
      },
      "original": {
        "owner": "numtide",
        "repo": "flake-utils",
        "type": "github"
      }
    }
  },
  "root": "root",
  "version": 7
}
